
Microsoft Visual Studio Solution File, Format Version 12.00
# Visual Studio Version 16
VisualStudioVersion = 16.0.29025.244
MinimumVisualStudioVersion = 10.0.40219.1
Project("{FAE04EC0-301F-11D3-BF4B-00C04F79EFBC}") = "ReveApplication", "ReveApplication\ReveApplication.csproj", "{C22D9BB5-1EE0-4F7C-ABEE-F665F63BC5DC}"
EndProject
Project("{FAE04EC0-301F-11D3-BF4B-00C04F79EFBC}") = "ReveEFAccess", "ReveEFAccess\ReveEFAccess.csproj", "{7D4F6119-728E-47DC-B278-8704B9B949A6}"
EndProject
Project("{FAE04EC0-301F-11D3-BF4B-00C04F79EFBC}") = "ReveModels", "ReveModels\ReveModels.csproj", "{B5CBFA43-EA78-4487-AD52-04FD661E1181}"
EndProject
Project("{FAE04EC0-301F-11D3-BF4B-00C04F79EFBC}") = "ReveBusinessLogic", "ReveBusinessLogic\ReveBusinessLogic.csproj", "{46C1CC11-4D88-427A-B6E5-8B574F6B9950}"
EndProject
Global
	GlobalSection(SolutionConfigurationPlatforms) = preSolution
		Debug|Any CPU = Debug|Any CPU
		Release|Any CPU = Release|Any CPU
	EndGlobalSection
	GlobalSection(ProjectConfigurationPlatforms) = postSolution
		{C22D9BB5-1EE0-4F7C-ABEE-F665F63BC5DC}.Debug|Any CPU.ActiveCfg = Debug|Any CPU
		{C22D9BB5-1EE0-4F7C-ABEE-F665F63BC5DC}.Debug|Any CPU.Build.0 = Debug|Any CPU
		{C22D9BB5-1EE0-4F7C-ABEE-F665F63BC5DC}.Release|Any CPU.ActiveCfg = Release|Any CPU
		{C22D9BB5-1EE0-4F7C-ABEE-F665F63BC5DC}.Release|Any CPU.Build.0 = Release|Any CPU
		{7D4F6119-728E-47DC-B278-8704B9B949A6}.Debug|Any CPU.ActiveCfg = Debug|Any CPU
		{7D4F6119-728E-47DC-B278-8704B9B949A6}.Debug|Any CPU.Build.0 = Debug|Any CPU
		{7D4F6119-728E-47DC-B278-8704B9B949A6}.Release|Any CPU.ActiveCfg = Release|Any CPU
		{7D4F6119-728E-47DC-B278-8704B9B949A6}.Release|Any CPU.Build.0 = Release|Any CPU
		{B5CBFA43-EA78-4487-AD52-04FD661E1181}.Debug|Any CPU.ActiveCfg = Debug|Any CPU
		{B5CBFA43-EA78-4487-AD52-04FD661E1181}.Debug|Any CPU.Build.0 = Debug|Any CPU
		{B5CBFA43-EA78-4487-AD52-04FD661E1181}.Release|Any CPU.ActiveCfg = Release|Any CPU
		{B5CBFA43-EA78-4487-AD52-04FD661E1181}.Release|Any CPU.Build.0 = Release|Any CPU
		{46C1CC11-4D88-427A-B6E5-8B574F6B9950}.Debug|Any CPU.ActiveCfg = Debug|Any CPU
		{46C1CC11-4D88-427A-B6E5-8B574F6B9950}.Debug|Any CPU.Build.0 = Debug|Any CPU
		{46C1CC11-4D88-427A-B6E5-8B574F6B9950}.Release|Any CPU.ActiveCfg = Release|Any CPU
		{46C1CC11-4D88-427A-B6E5-8B574F6B9950}.Release|Any CPU.Build.0 = Release|Any CPU
	EndGlobalSection
	GlobalSection(SolutionProperties) = preSolution
		HideSolutionNode = FALSE
	EndGlobalSection
	GlobalSection(ExtensibilityGlobals) = postSolution
		SolutionGuid = {F18BE104-912F-465C-B415-C6EE605CDE9E}
	EndGlobalSection
EndGlobal
